// !$*UTF8*$!
{
	archiveVersion = 1;
	classes = {
	};
	objectVersion = 77;
	objects = {

/* Begin PBXBuildFile section */
		552CE3E52FE3263900A5C93D /* Crescendo in Frameworks */ = {isa = PBXBuildFile; productRef = 552CE3E42FE3263900A5C93D /* Crescendo */; };
		5590877F2DE0C078009E7719 /* PetrichorApp.swift in Sources */ = {isa = PBXBuildFile; fileRef = 5590877E2DE0C078009E7719 /* PetrichorApp.swift */; };
		55B0DEC12DE3A58400A41ED9 /* GRDB in Frameworks */ = {isa = PBXBuildFile; productRef = 55B0DEC02DE3A58400A41ED9 /* GRDB */; };
		55A000000000000000000040 /* GRDB in Frameworks */ = {isa = PBXBuildFile; productRef = 55B0DEC02DE3A58400A41ED9 /* GRDB */; };
		55D673CF2E42CEA50095A358 /* Sparkle in Frameworks */ = {isa = PBXBuildFile; productRef = 55D673CE2E42CEA50095A358 /* Sparkle */; };
		55A000000000000000000051 /* GRDB in Frameworks */ = {isa = PBXBuildFile; productRef = 55B0DEC02DE3A58400A41ED9 /* GRDB */; };
/* End PBXBuildFile section */

/* Begin PBXContainerItemProxy section */
		55A000000000000000000052 /* PBXContainerItemProxy */ = {
			isa = PBXContainerItemProxy;
			containerPortal = 550F4A062DB45B1A005F794E /* Project object */;
			proxyType = 1;
			remoteGlobalIDString = 55A000000000000000000020;
			remoteInfo = PetrichoriOS;
		};
		55A000000000000000000065 /* PBXContainerItemProxy */ = {
			isa = PBXContainerItemProxy;
			containerPortal = 550F4A062DB45B1A005F794E /* Project object */;
			proxyType = 1;
			remoteGlobalIDString = 55A000000000000000000020;
			remoteInfo = PetrichoriOS;
		};
/* End PBXContainerItemProxy section */

/* Begin PBXFileReference section */
		550F4A0E2DB45B1A005F794E /* Petrichor Dev.app */ = {isa = PBXFileReference; explicitFileType = wrapper.application; includeInIndex = 0; path = "Petrichor Dev.app"; sourceTree = BUILT_PRODUCTS_DIR; };
		550F4A3F2DB4786F005F794E /* .gitignore */ = {isa = PBXFileReference; lastKnownFileType = text; path = .gitignore; sourceTree = "<group>"; };
		55593A412DE019E400640247 /* README.md */ = {isa = PBXFileReference; lastKnownFileType = net.daringfireball.markdown; path = README.md; sourceTree = "<group>"; };
		55613A822E04A7230000E217 /* .swiftlint.yml */ = {isa = PBXFileReference; lastKnownFileType = text.yaml; path = .swiftlint.yml; sourceTree = "<group>"; };
		5590877E2DE0C078009E7719 /* PetrichorApp.swift */ = {isa = PBXFileReference; lastKnownFileType = sourcecode.swift; path = PetrichorApp.swift; sourceTree = "<group>"; };
		55FB816B2EC22E6E008321CA /* ACKNOWLEDGEMENTS.md */ = {isa = PBXFileReference; lastKnownFileType = net.daringfireball.markdown; path = ACKNOWLEDGEMENTS.md; sourceTree = "<group>"; };
		55A000000000000000000021 /* Petrichor.app */ = {isa = PBXFileReference; explicitFileType = wrapper.application; includeInIndex = 0; path = "Petrichor.app"; sourceTree = BUILT_PRODUCTS_DIR; };
		55A000000000000000000041 /* PetrichoriOSTests.xctest */ = {isa = PBXFileReference; explicitFileType = wrapper.cfbundle; includeInIndex = 0; path = PetrichoriOSTests.xctest; sourceTree = BUILT_PRODUCTS_DIR; };
		55A000000000000000000060 /* PetrichoriOSUITests.xctest */ = {isa = PBXFileReference; explicitFileType = wrapper.cfbundle; includeInIndex = 0; path = PetrichoriOSUITests.xctest; sourceTree = BUILT_PRODUCTS_DIR; };
/* End PBXFileReference section */

/* Begin PBXFileSystemSynchronizedBuildFileExceptionSet section */
		55789DCB2F8AACF300FB82A3 /* Exceptions for "Resources" folder in "Petrichor" target */ = {
			isa = PBXFileSystemSynchronizedBuildFileExceptionSet;
			membershipExceptions = (
				known_artists_YYYYMMDD.txt,
			);
			target = 550F4A0D2DB45B1A005F794E /* Petrichor */;
		};
		55B57E812E19E5E200E57EC3 /* Exceptions for "Scripts" folder in "Petrichor" target */ = {
			isa = PBXFileSystemSynchronizedBuildFileExceptionSet;
			membershipExceptions = (
				"build-installer.sh",
			);
			target = 550F4A0D2DB45B1A005F794E /* Petrichor */;
		};

		55A000000000000000000010 /* Exceptions for "Application" folder in "PetrichoriOS" target */ = {
			isa = PBXFileSystemSynchronizedBuildFileExceptionSet;
			membershipExceptions = (
				AppDelegate.swift,
				WindowDelegate.swift,
			);
			target = 55A000000000000000000020 /* PetrichoriOS */;
		};
		55A000000000000000000011 /* Exceptions for "Managers" folder in "PetrichoriOS" target */ = {
			isa = PBXFileSystemSynchronizedBuildFileExceptionSet;
			membershipExceptions = (
				Automation/AMContent.swift,
				Automation/AMQuery.swift,
				Automation/AMTransport.swift,
				Automation/AutomationEntities.swift,
				Automation/AutomationIntents.swift,
				Automation/AutomationManager.swift,
				Automation/AutomationShortcuts.swift,
				MenuBarManager.swift,
			);
			target = 55A000000000000000000020 /* PetrichoriOS */;
		};
		55A000000000000000000012 /* Exceptions for "Views" folder in "PetrichoriOS" target */ = {
			isa = PBXFileSystemSynchronizedBuildFileExceptionSet;
			membershipExceptions = (
				Components/ActivityAnimation.swift,
				Components/ArtistImageSheet.swift,
				Components/EntityGridView.swift,
				Components/EntityView.swift,
				Components/FloatingControlCluster.swift,
				Components/FocusStableMaterial.swift,
				Components/HoverEffect.swift,
				Components/ListHeader.swift,
				Components/NoMusicEmptyStateView.swift,
				Components/NowPlaying/NowPlayingControlsView.swift,
				Components/NowPlaying/NowPlayingProgressBar.swift,
				Components/PersistentSplitView.swift,
				Components/PlayPauseIcon.swift,
				Components/PlaylistMenuBuilder.swift,
				Components/Sidebar/SidebarItemRow.swift,
				Components/Sidebar/SidebarListView.swift,
				Components/Sidebar/SidebarProtocol.swift,
				Components/SidebarView.swift,
				Components/TrackView.swift,
				Components/TrackViews/TrackTableOptionsDropdown.swift,
				Components/TrackViews/TrackTableView.swift,
				Components/ViewExtensions.swift,
				Components/Widgets/IconOnlyDropdown.swift,
				Components/Widgets/MarqueeText.swift,
				Components/Widgets/NotificationTray.swift,
				Components/Widgets/SearchInputField.swift,
				Components/Widgets/TabbedButtons.swift,
				Components/Widgets/VerticalSlider.swift,
				Folders/FolderSidebarView.swift,
				Folders/FoldersView.swift,
				Home/EntityDetailView.swift,
				Home/HomeSidebarView.swift,
				Home/HomeView.swift,
				Immersive/ImmersiveView.swift,
				Library/LibrarySidebarView.swift,
				Library/LibraryView.swift,
				Main/ContentView.swift,
				Main/PlayQueueView.swift,
				Main/PlayerView.swift,
				Main/TrackDetailView.swift,
				Main/TrackLyricsView.swift,
				MiniPlayer/MiniPlayerView.swift,
				MiniPlayer/MiniPlayerWindowButtons.swift,
				MiniPlayer/MiniPlayerWindowConfigurator.swift,
				MiniPlayer/MiniPlayerWindowManager.swift,
				Playlists/PlaylistDetailView.swift,
				Playlists/PlaylistSidebarView.swift,
				Playlists/PlaylistsView.swift,
				Playlists/Sheets/ExportPlaylistsSheet.swift,
				Playlists/Sheets/PlaylistNameField.swift,
				Playlists/Sheets/RegularPlaylistEditorSheet.swift,
				Playlists/Sheets/SmartPlaylistEditorSheet.swift,
				Settings/AboutTabView.swift,
				Settings/AppearanceTabView.swift,
				Settings/EqualizerView.swift,
				Settings/GeneralTabView.swift,
				Settings/IntegrationsTabView.swift,
				Settings/LibraryTabView.swift,
				Settings/SettingsView.swift,
				Support/AcknowledgementsView.swift,
				Support/ReportProblemView.swift,
			);
			target = 55A000000000000000000020 /* PetrichoriOS */;
		};
		55A000000000000000000013 /* Exceptions for "Core" folder in "PetrichoriOS" target */ = {
			isa = PBXFileSystemSynchronizedBuildFileExceptionSet;
			membershipExceptions = (
				Metadata/CrescendoMetadataReader.swift,
				Playback/CrescendoPlaybackBackend.swift,
			);
			target = 55A000000000000000000020 /* PetrichoriOS */;
		};
/* End PBXFileSystemSynchronizedBuildFileExceptionSet section */

/* Begin PBXFileSystemSynchronizedRootGroup section */
		555A7BBD2E65FF88009F4922 /* Core */ = {
			isa = PBXFileSystemSynchronizedRootGroup;
			exceptions = (
				55A000000000000000000013 /* Exceptions for "Core" folder in "PetrichoriOS" target */,
			);
			path = Core;
			sourceTree = "<group>";
		};
		559087A32DE0C09C009E7719 /* Application */ = {
			isa = PBXFileSystemSynchronizedRootGroup;
			exceptions = (
				55A000000000000000000010 /* Exceptions for "Application" folder in "PetrichoriOS" target */,
			);
			path = Application;
			sourceTree = "<group>";
		};
		559087AA2DE0C0A2009E7719 /* Managers */ = {
			isa = PBXFileSystemSynchronizedRootGroup;
			exceptions = (
				55A000000000000000000011 /* Exceptions for "Managers" folder in "PetrichoriOS" target */,
			);
			path = Managers;
			sourceTree = "<group>";
		};
		559087B72DE0C0A5009E7719 /* Models */ = {
			isa = PBXFileSystemSynchronizedRootGroup;
			path = Models;
			sourceTree = "<group>";
		};
		559087D82DE0C0A6009E7719 /* Views */ = {
			isa = PBXFileSystemSynchronizedRootGroup;
			exceptions = (
				55A000000000000000000012 /* Exceptions for "Views" folder in "PetrichoriOS" target */,
			);
			path = Views;
			sourceTree = "<group>";
		};
		55B57E742E19D73900E57EC3 /* Scripts */ = {
			isa = PBXFileSystemSynchronizedRootGroup;
			exceptions = (
				55B57E812E19E5E200E57EC3 /* Exceptions for "Scripts" folder in "Petrichor" target */,
			);
			path = Scripts;
			sourceTree = "<group>";
		};
		55F38A7E2DF8F2F30028843B /* Utilities */ = {
			isa = PBXFileSystemSynchronizedRootGroup;
			path = Utilities;
			sourceTree = "<group>";
		};
		55F38A822DF8F2FC0028843B /* Configuration */ = {
			isa = PBXFileSystemSynchronizedRootGroup;
			path = Configuration;
			sourceTree = "<group>";
		};
		55F38A842DF8F2FE0028843B /* Resources */ = {
			isa = PBXFileSystemSynchronizedRootGroup;
			exceptions = (
				55789DCB2F8AACF300FB82A3 /* Exceptions for "Resources" folder in "Petrichor" target */,
			);
			path = Resources;
			sourceTree = "<group>";
		};

		55A000000000000000000001 /* iOS */ = {
			isa = PBXFileSystemSynchronizedRootGroup;
			path = iOS;
			sourceTree = "<group>";
		};
		55A000000000000000000042 /* PetrichoriOSTests */ = {
			isa = PBXFileSystemSynchronizedRootGroup;
			path = Tests/PetrichoriOSTests;
			sourceTree = "<group>";
		};
		55A000000000000000000061 /* PetrichoriOSUITests */ = {
			isa = PBXFileSystemSynchronizedRootGroup;
			path = Tests/PetrichoriOSUITests;
			sourceTree = "<group>";
		};
/* End PBXFileSystemSynchronizedRootGroup section */

/* Begin PBXFrameworksBuildPhase section */
		550F4A0B2DB45B1A005F794E /* Frameworks */ = {
			isa = PBXFrameworksBuildPhase;
			buildActionMask = 2147483647;
			files = (
				55B0DEC12DE3A58400A41ED9 /* GRDB in Frameworks */,
				55D673CF2E42CEA50095A358 /* Sparkle in Frameworks */,
				552CE3E52FE3263900A5C93D /* Crescendo in Frameworks */,
			);
			runOnlyForDeploymentPostprocessing = 0;
		};

		55A000000000000000000023 /* Frameworks */ = {
			isa = PBXFrameworksBuildPhase;
			buildActionMask = 2147483647;
			files = (
				55A000000000000000000040 /* GRDB in Frameworks */,
			);
			runOnlyForDeploymentPostprocessing = 0;
		};
		55A000000000000000000045 /* Frameworks */ = {
			isa = PBXFrameworksBuildPhase;
			buildActionMask = 2147483647;
			files = (
				55A000000000000000000051 /* GRDB in Frameworks */,
			);
			runOnlyForDeploymentPostprocessing = 0;
		};
		55A000000000000000000062 /* Frameworks */ = {
			isa = PBXFrameworksBuildPhase;
			buildActionMask = 2147483647;
			files = (
			);
			runOnlyForDeploymentPostprocessing = 0;
		};
/* End PBXFrameworksBuildPhase section */

/* Begin PBXGroup section */
		550F4A052DB45B1A005F794E = {
			isa = PBXGroup;
			children = (
				559087A32DE0C09C009E7719 /* Application */,
				559087AA2DE0C0A2009E7719 /* Managers */,
				559087B72DE0C0A5009E7719 /* Models */,
				559087D82DE0C0A6009E7719 /* Views */,
				555A7BBD2E65FF88009F4922 /* Core */,
				55F38A7E2DF8F2F30028843B /* Utilities */,
				55F38A822DF8F2FC0028843B /* Configuration */,
				55F38A842DF8F2FE0028843B /* Resources */,
				55B57E742E19D73900E57EC3 /* Scripts */,
				55A000000000000000000001 /* iOS */,
				55A000000000000000000042 /* PetrichoriOSTests */,
				550F4A3F2DB4786F005F794E /* .gitignore */,
				55613A822E04A7230000E217 /* .swiftlint.yml */,
				55593A412DE019E400640247 /* README.md */,
				55FB816B2EC22E6E008321CA /* ACKNOWLEDGEMENTS.md */,
				5590877E2DE0C078009E7719 /* PetrichorApp.swift */,
				550F4A0E2DB45B1A005F794E /* Petrichor Dev.app */,
			);
			sourceTree = "<group>";
		};
/* End PBXGroup section */

/* Begin PBXNativeTarget section */
		550F4A0D2DB45B1A005F794E /* Petrichor */ = {
			isa = PBXNativeTarget;
			buildConfigurationList = 550F4A1A2DB45B1B005F794E /* Build configuration list for PBXNativeTarget "Petrichor" */;
			buildPhases = (
				550F4A0A2DB45B1A005F794E /* Sources */,
				550F4A0B2DB45B1A005F794E /* Frameworks */,
				550F4A0C2DB45B1A005F794E /* Resources */,
			);
			buildRules = (
			);
			dependencies = (
			);
			fileSystemSynchronizedGroups = (
				555A7BBD2E65FF88009F4922 /* Core */,
				559087A32DE0C09C009E7719 /* Application */,
				559087AA2DE0C0A2009E7719 /* Managers */,
				559087B72DE0C0A5009E7719 /* Models */,
				559087D82DE0C0A6009E7719 /* Views */,
				55B57E742E19D73900E57EC3 /* Scripts */,
				55F38A7E2DF8F2F30028843B /* Utilities */,
				55F38A842DF8F2FE0028843B /* Resources */,
			);
			name = Petrichor;
			packageProductDependencies = (
				55B0DEC02DE3A58400A41ED9 /* GRDB */,
				55D673CE2E42CEA50095A358 /* Sparkle */,
				552CE3E42FE3263900A5C93D /* Crescendo */,
			);
			productName = Petrichor;
			productReference = 550F4A0E2DB45B1A005F794E /* Petrichor Dev.app */;
			productType = "com.apple.product-type.application";
		};

		55A000000000000000000020 /* PetrichoriOS */ = {
			isa = PBXNativeTarget;
			buildConfigurationList = 55A000000000000000000030 /* Build configuration list for PBXNativeTarget "PetrichoriOS" */;
			buildPhases = (
				55A000000000000000000022 /* Sources */,
				55A000000000000000000023 /* Frameworks */,
				55A000000000000000000024 /* Resources */,
			);
			buildRules = (
			);
			dependencies = (
			);
			fileSystemSynchronizedGroups = (
				555A7BBD2E65FF88009F4922 /* Core */,
				559087A32DE0C09C009E7719 /* Application */,
				559087AA2DE0C0A2009E7719 /* Managers */,
				559087B72DE0C0A5009E7719 /* Models */,
				559087D82DE0C0A6009E7719 /* Views */,
				55F38A7E2DF8F2F30028843B /* Utilities */,
				55F38A842DF8F2FE0028843B /* Resources */,
				55A000000000000000000001 /* iOS */,
			);
			name = PetrichoriOS;
			packageProductDependencies = (
				55B0DEC02DE3A58400A41ED9 /* GRDB */,
			);
			productName = PetrichoriOS;
			productReference = 55A000000000000000000021 /* Petrichor.app */;
			productType = "com.apple.product-type.application";
		};

		55A000000000000000000043 /* PetrichoriOSTests */ = {
			isa = PBXNativeTarget;
			buildConfigurationList = 55A000000000000000000047 /* Build configuration list for PBXNativeTarget "PetrichoriOSTests" */;
			buildPhases = (
				55A000000000000000000044 /* Sources */,
				55A000000000000000000045 /* Frameworks */,
				55A000000000000000000046 /* Resources */,
			);
			buildRules = (
			);
			dependencies = (
				55A000000000000000000053 /* PBXTargetDependency */,
			);
			fileSystemSynchronizedGroups = (
				55A000000000000000000042 /* PetrichoriOSTests */,
			);
			name = PetrichoriOSTests;
			packageProductDependencies = (
				55B0DEC02DE3A58400A41ED9 /* GRDB */,
			);
			productName = PetrichoriOSTests;
			productReference = 55A000000000000000000041 /* PetrichoriOSTests.xctest */;
			productType = "com.apple.product-type.bundle.unit-test";
		};
		55A000000000000000000067 /* PetrichoriOSUITests */ = {
			isa = PBXNativeTarget;
			buildConfigurationList = 55A00000000000000000006B /* Build configuration list for PBXNativeTarget "PetrichoriOSUITests" */;
			buildPhases = (
				55A000000000000000000063 /* Sources */,
				55A000000000000000000062 /* Frameworks */,
				55A000000000000000000064 /* Resources */,
			);
			buildRules = (
			);
			dependencies = (
				55A000000000000000000066 /* PBXTargetDependency */,
			);
			fileSystemSynchronizedGroups = (
				55A000000000000000000061 /* PetrichoriOSUITests */,
			);
			name = PetrichoriOSUITests;
			productName = PetrichoriOSUITests;
			productReference = 55A000000000000000000060 /* PetrichoriOSUITests.xctest */;
			productType = "com.apple.product-type.bundle.ui-testing";
		};
/* End PBXNativeTarget section */

/* Begin PBXProject section */
		550F4A062DB45B1A005F794E /* Project object */ = {
			isa = PBXProject;
			attributes = {
				BuildIndependentTargetsInParallel = 1;
				LastSwiftUpdateCheck = 1630;
				LastUpgradeCheck = 2610;
				TargetAttributes = {
					550F4A0D2DB45B1A005F794E = {
						CreatedOnToolsVersion = 16.3;
					};
					55A000000000000000000020 = {
						CreatedOnToolsVersion = 26.6;
					};
					55A000000000000000000043 = {
						CreatedOnToolsVersion = 26.6;
						TestTargetID = 55A000000000000000000020;
					};
					55A000000000000000000067 = {
						CreatedOnToolsVersion = 26.6;
						TestTargetID = 55A000000000000000000020;
					};
				};
			};
			buildConfigurationList = 550F4A092DB45B1A005F794E /* Build configuration list for PBXProject "Petrichor" */;
			developmentRegion = en;
			hasScannedForEncodings = 0;
			knownRegions = (
				en,
				Base,
			);
			mainGroup = 550F4A052DB45B1A005F794E;
			minimizedProjectReferenceProxies = 1;
			packageReferences = (
				55B0DEBF2DE3A58400A41ED9 /* XCRemoteSwiftPackageReference "GRDB" */,
				55D673CD2E42CEA50095A358 /* XCRemoteSwiftPackageReference "Sparkle" */,
				552CE3E32FE3263900A5C93D /* XCRemoteSwiftPackageReference "CrescendoKit" */,
			);
			preferredProjectObjectVersion = 77;
			productRefGroup = 550F4A052DB45B1A005F794E;
			projectDirPath = "";
			projectRoot = "";
			targets = (
				550F4A0D2DB45B1A005F794E /* Petrichor */,
				55A000000000000000000020 /* PetrichoriOS */,
				55A000000000000000000043 /* PetrichoriOSTests */,
				55A000000000000000000067 /* PetrichoriOSUITests */,
			);
		};
/* End PBXProject section */

/* Begin PBXResourcesBuildPhase section */
		550F4A0C2DB45B1A005F794E /* Resources */ = {
			isa = PBXResourcesBuildPhase;
			buildActionMask = 2147483647;
			files = (
			);
			runOnlyForDeploymentPostprocessing = 0;
		};
		55A000000000000000000024 /* Resources */ = {
			isa = PBXResourcesBuildPhase;
			buildActionMask = 2147483647;
			files = (
			);
			runOnlyForDeploymentPostprocessing = 0;
		};
		55A000000000000000000046 /* Resources */ = {
			isa = PBXResourcesBuildPhase;
			buildActionMask = 2147483647;
			files = (
			);
			runOnlyForDeploymentPostprocessing = 0;
		};
		55A000000000000000000064 /* Resources */ = {
			isa = PBXResourcesBuildPhase;
			buildActionMask = 2147483647;
			files = (
			);
			runOnlyForDeploymentPostprocessing = 0;
		};
/* End PBXResourcesBuildPhase section */

/* Begin PBXSourcesBuildPhase section */
		550F4A0A2DB45B1A005F794E /* Sources */ = {
			isa = PBXSourcesBuildPhase;
			buildActionMask = 2147483647;
			files = (
				5590877F2DE0C078009E7719 /* PetrichorApp.swift in Sources */,
			);
			runOnlyForDeploymentPostprocessing = 0;
		};
		55A000000000000000000022 /* Sources */ = {
			isa = PBXSourcesBuildPhase;
			buildActionMask = 2147483647;
			files = (
			);
			runOnlyForDeploymentPostprocessing = 0;
		};
		55A000000000000000000044 /* Sources */ = {
			isa = PBXSourcesBuildPhase;
			buildActionMask = 2147483647;
			files = (
			);
			runOnlyForDeploymentPostprocessing = 0;
		};
		55A000000000000000000063 /* Sources */ = {
			isa = PBXSourcesBuildPhase;
			buildActionMask = 2147483647;
			files = (
			);
			runOnlyForDeploymentPostprocessing = 0;
		};
/* End PBXSourcesBuildPhase section */

/* Begin PBXTargetDependency section */
		55A000000000000000000053 /* PBXTargetDependency */ = {
			isa = PBXTargetDependency;
			target = 55A000000000000000000020 /* PetrichoriOS */;
			targetProxy = 55A000000000000000000052 /* PBXContainerItemProxy */;
		};
		55A000000000000000000066 /* PBXTargetDependency */ = {
			isa = PBXTargetDependency;
			target = 55A000000000000000000020 /* PetrichoriOS */;
			targetProxy = 55A000000000000000000065 /* PBXContainerItemProxy */;
		};
/* End PBXTargetDependency section */

/* Begin XCBuildConfiguration section */
		550F4A182DB45B1B005F794E /* Debug */ = {
			isa = XCBuildConfiguration;
			buildSettings = {
				ALWAYS_SEARCH_USER_PATHS = NO;
				ASSETCATALOG_COMPILER_GENERATE_SWIFT_ASSET_SYMBOL_EXTENSIONS = YES;
				CLANG_ANALYZER_NONNULL = YES;
				CLANG_ANALYZER_NUMBER_OBJECT_CONVERSION = YES_AGGRESSIVE;
				CLANG_CXX_LANGUAGE_STANDARD = "gnu++20";
				CLANG_ENABLE_MODULES = YES;
				CLANG_ENABLE_OBJC_ARC = YES;
				CLANG_ENABLE_OBJC_WEAK = YES;
				CLANG_WARN_BLOCK_CAPTURE_AUTORELEASING = YES;
				CLANG_WARN_BOOL_CONVERSION = YES;
				CLANG_WARN_COMMA = YES;
				CLANG_WARN_CONSTANT_CONVERSION = YES;
				CLANG_WARN_DEPRECATED_OBJC_IMPLEMENTATIONS = YES;
				CLANG_WARN_DIRECT_OBJC_ISA_USAGE = YES_ERROR;
				CLANG_WARN_DOCUMENTATION_COMMENTS = YES;
				CLANG_WARN_EMPTY_BODY = YES;
				CLANG_WARN_ENUM_CONVERSION = YES;
				CLANG_WARN_INFINITE_RECURSION = YES;
				CLANG_WARN_INT_CONVERSION = YES;
				CLANG_WARN_NON_LITERAL_NULL_CONVERSION = YES;
				CLANG_WARN_OBJC_IMPLICIT_RETAIN_SELF = YES;
				CLANG_WARN_OBJC_LITERAL_CONVERSION = YES;
				CLANG_WARN_OBJC_ROOT_CLASS = YES_ERROR;
				CLANG_WARN_QUOTED_INCLUDE_IN_FRAMEWORK_HEADER = YES;
				CLANG_WARN_RANGE_LOOP_ANALYSIS = YES;
				CLANG_WARN_STRICT_PROTOTYPES = YES;
				CLANG_WARN_SUSPICIOUS_MOVE = YES;
				CLANG_WARN_UNGUARDED_AVAILABILITY = YES_AGGRESSIVE;
				CLANG_WARN_UNREACHABLE_CODE = YES;
				CLANG_WARN__DUPLICATE_METHOD_MATCH = YES;
				COPY_PHASE_STRIP = NO;
				DEAD_CODE_STRIPPING = YES;
				DEBUG_INFORMATION_FORMAT = dwarf;
				DEVELOPMENT_TEAM = B53W6J5RWK;
				ENABLE_STRICT_OBJC_MSGSEND = YES;
				ENABLE_TESTABILITY = YES;
				ENABLE_USER_SCRIPT_SANDBOXING = YES;
				GCC_C_LANGUAGE_STANDARD = gnu17;
				GCC_DYNAMIC_NO_PIC = NO;
				GCC_NO_COMMON_BLOCKS = YES;
				GCC_OPTIMIZATION_LEVEL = 0;
				GCC_PREPROCESSOR_DEFINITIONS = (
					"DEBUG=1",
					"$(inherited)",
				);
				GCC_WARN_64_TO_32_BIT_CONVERSION = YES;
				GCC_WARN_ABOUT_RETURN_TYPE = YES_ERROR;
				GCC_WARN_UNDECLARED_SELECTOR = YES;
				GCC_WARN_UNINITIALIZED_AUTOS = YES_AGGRESSIVE;
				GCC_WARN_UNUSED_FUNCTION = YES;
				GCC_WARN_UNUSED_VARIABLE = YES;
				LOCALIZATION_PREFERS_STRING_CATALOGS = YES;
				MTL_ENABLE_DEBUG_INFO = INCLUDE_SOURCE;
				MTL_FAST_MATH = YES;
				ONLY_ACTIVE_ARCH = YES;
				STRING_CATALOG_GENERATE_SYMBOLS = YES;
				SWIFT_ACTIVE_COMPILATION_CONDITIONS = "DEBUG $(inherited)";
				SWIFT_OPTIMIZATION_LEVEL = "-Onone";
			};
			name = Debug;
		};
		550F4A192DB45B1B005F794E /* Release */ = {
			isa = XCBuildConfiguration;
			buildSettings = {
				ALWAYS_SEARCH_USER_PATHS = NO;
				ASSETCATALOG_COMPILER_GENERATE_SWIFT_ASSET_SYMBOL_EXTENSIONS = YES;
				CLANG_ANALYZER_NONNULL = YES;
				CLANG_ANALYZER_NUMBER_OBJECT_CONVERSION = YES_AGGRESSIVE;
				CLANG_CXX_LANGUAGE_STANDARD = "gnu++20";
				CLANG_ENABLE_MODULES = YES;
				CLANG_ENABLE_OBJC_ARC = YES;
				CLANG_ENABLE_OBJC_WEAK = YES;
				CLANG_WARN_BLOCK_CAPTURE_AUTORELEASING = YES;
				CLANG_WARN_BOOL_CONVERSION = YES;
				CLANG_WARN_COMMA = YES;
				CLANG_WARN_CONSTANT_CONVERSION = YES;
				CLANG_WARN_DEPRECATED_OBJC_IMPLEMENTATIONS = YES;
				CLANG_WARN_DIRECT_OBJC_ISA_USAGE = YES_ERROR;
				CLANG_WARN_DOCUMENTATION_COMMENTS = YES;
				CLANG_WARN_EMPTY_BODY = YES;
				CLANG_WARN_ENUM_CONVERSION = YES;
				CLANG_WARN_INFINITE_RECURSION = YES;
				CLANG_WARN_INT_CONVERSION = YES;
				CLANG_WARN_NON_LITERAL_NULL_CONVERSION = YES;
				CLANG_WARN_OBJC_IMPLICIT_RETAIN_SELF = YES;
				CLANG_WARN_OBJC_LITERAL_CONVERSION = YES;
				CLANG_WARN_OBJC_ROOT_CLASS = YES_ERROR;
				CLANG_WARN_QUOTED_INCLUDE_IN_FRAMEWORK_HEADER = YES;
				CLANG_WARN_RANGE_LOOP_ANALYSIS = YES;
				CLANG_WARN_STRICT_PROTOTYPES = YES;
				CLANG_WARN_SUSPICIOUS_MOVE = YES;
				CLANG_WARN_UNGUARDED_AVAILABILITY = YES_AGGRESSIVE;
				CLANG_WARN_UNREACHABLE_CODE = YES;
				CLANG_WARN__DUPLICATE_METHOD_MATCH = YES;
				COPY_PHASE_STRIP = NO;
				DEAD_CODE_STRIPPING = YES;
				DEBUG_INFORMATION_FORMAT = "dwarf-with-dsym";
				DEVELOPMENT_TEAM = B53W6J5RWK;
				ENABLE_NS_ASSERTIONS = NO;
				ENABLE_STRICT_OBJC_MSGSEND = YES;
				ENABLE_USER_SCRIPT_SANDBOXING = YES;
				GCC_C_LANGUAGE_STANDARD = gnu17;
				GCC_NO_COMMON_BLOCKS = YES;
				GCC_WARN_64_TO_32_BIT_CONVERSION = YES;
				GCC_WARN_ABOUT_RETURN_TYPE = YES_ERROR;
				GCC_WARN_UNDECLARED_SELECTOR = YES;
				GCC_WARN_UNINITIALIZED_AUTOS = YES_AGGRESSIVE;
				GCC_WARN_UNUSED_FUNCTION = YES;
				GCC_WARN_UNUSED_VARIABLE = YES;
				LOCALIZATION_PREFERS_STRING_CATALOGS = YES;
				MTL_ENABLE_DEBUG_INFO = NO;
				MTL_FAST_MATH = YES;
				STRING_CATALOG_GENERATE_SYMBOLS = YES;
				SWIFT_COMPILATION_MODE = wholemodule;
			};
			name = Release;
		};
		550F4A1B2DB45B1B005F794E /* Debug */ = {
			isa = XCBuildConfiguration;
			baseConfigurationReferenceAnchor = 55F38A822DF8F2FC0028843B /* Configuration */;
			baseConfigurationReferenceRelativePath = Secrets.xcconfig;
			buildSettings = {
				ASSETCATALOG_COMPILER_APPICON_NAME = AppIconDev;
				ASSETCATALOG_COMPILER_GLOBAL_ACCENT_COLOR_NAME = AccentColor;
				ASSETCATALOG_COMPILER_INCLUDE_ALL_APPICON_ASSETS = YES;
				CODE_SIGN_ENTITLEMENTS = Configuration/Petrichor.entitlements;
				"CODE_SIGN_IDENTITY[sdk=macosx*]" = "Developer ID Application";
				CODE_SIGN_STYLE = Manual;
				CURRENT_PROJECT_VERSION = 999;
				DEAD_CODE_STRIPPING = YES;
				DEVELOPMENT_TEAM = "";
				"DEVELOPMENT_TEAM[sdk=macosx*]" = B53W6J5RWK;
				ENABLE_APP_SANDBOX = YES;
				ENABLE_HARDENED_RUNTIME = NO;
				ENABLE_INCOMING_NETWORK_CONNECTIONS = NO;
				ENABLE_OUTGOING_NETWORK_CONNECTIONS = YES;
				ENABLE_PREVIEWS = YES;
				ENABLE_RESOURCE_ACCESS_AUDIO_INPUT = NO;
				ENABLE_RESOURCE_ACCESS_BLUETOOTH = NO;
				ENABLE_RESOURCE_ACCESS_CALENDARS = NO;
				ENABLE_RESOURCE_ACCESS_CAMERA = NO;
				ENABLE_RESOURCE_ACCESS_CONTACTS = NO;
				ENABLE_RESOURCE_ACCESS_LOCATION = NO;
				ENABLE_RESOURCE_ACCESS_PRINTING = NO;
				ENABLE_RESOURCE_ACCESS_USB = NO;
				ENABLE_USER_SELECTED_FILES = readwrite;
				EXCLUDED_SOURCE_FILE_NAMES = AppIcon.icon;
				GENERATE_INFOPLIST_FILE = NO;
				INFOPLIST_FILE = Configuration/Info.plist;
				INFOPLIST_KEY_CFBundleDisplayName = Petrichor;
				INFOPLIST_KEY_LSApplicationCategoryType = "public.app-category.music";
				LD_RUNPATH_SEARCH_PATHS = "@executable_path/Frameworks";
				"LD_RUNPATH_SEARCH_PATHS[sdk=macosx*]" = "@executable_path/../Frameworks";
				MACOSX_DEPLOYMENT_TARGET = 14.0;
				MARKETING_VERSION = "Development Build";
				PETRICHOR_URL_SCHEME = "petrichor-debug";
				PRODUCT_BUNDLE_IDENTIFIER = org.Petrichor.debug;
				PRODUCT_MODULE_NAME = Petrichor;
				PRODUCT_NAME = "Petrichor Dev";
				PROVISIONING_PROFILE_SPECIFIER = "";
				REGISTER_APP_GROUPS = YES;
				SDKROOT = auto;
				SUPPORTED_PLATFORMS = macosx;
				SWIFT_EMIT_LOC_STRINGS = YES;
				SWIFT_VERSION = 5.0;
			};
			name = Debug;
		};
		550F4A1C2DB45B1B005F794E /* Release */ = {
			isa = XCBuildConfiguration;
			baseConfigurationReferenceAnchor = 55F38A822DF8F2FC0028843B /* Configuration */;
			baseConfigurationReferenceRelativePath = Secrets.xcconfig;
			buildSettings = {
				ASSETCATALOG_COMPILER_APPICON_NAME = AppIcon;
				ASSETCATALOG_COMPILER_GLOBAL_ACCENT_COLOR_NAME = AccentColor;
				ASSETCATALOG_COMPILER_INCLUDE_ALL_APPICON_ASSETS = YES;
				CODE_SIGN_ENTITLEMENTS = Configuration/Petrichor.entitlements;
				"CODE_SIGN_IDENTITY[sdk=macosx*]" = "Developer ID Application";
				CODE_SIGN_STYLE = Manual;
				CURRENT_PROJECT_VERSION = 161;
				DEAD_CODE_STRIPPING = YES;
				DEVELOPMENT_TEAM = "";
				"DEVELOPMENT_TEAM[sdk=macosx*]" = B53W6J5RWK;
				ENABLE_APP_SANDBOX = YES;
				ENABLE_HARDENED_RUNTIME = YES;
				ENABLE_INCOMING_NETWORK_CONNECTIONS = NO;
				ENABLE_OUTGOING_NETWORK_CONNECTIONS = YES;
				ENABLE_PREVIEWS = YES;
				ENABLE_RESOURCE_ACCESS_AUDIO_INPUT = NO;
				ENABLE_RESOURCE_ACCESS_BLUETOOTH = NO;
				ENABLE_RESOURCE_ACCESS_CALENDARS = NO;
				ENABLE_RESOURCE_ACCESS_CAMERA = NO;
				ENABLE_RESOURCE_ACCESS_CONTACTS = NO;
				ENABLE_RESOURCE_ACCESS_LOCATION = NO;
				ENABLE_RESOURCE_ACCESS_PRINTING = NO;
				ENABLE_RESOURCE_ACCESS_USB = NO;
				ENABLE_USER_SELECTED_FILES = readwrite;
				EXCLUDED_SOURCE_FILE_NAMES = AppIconDev.icon;
				GENERATE_INFOPLIST_FILE = NO;
				INFOPLIST_FILE = Configuration/Info.plist;
				INFOPLIST_KEY_CFBundleDisplayName = Petrichor;
				INFOPLIST_KEY_LSApplicationCategoryType = "public.app-category.music";
				LD_RUNPATH_SEARCH_PATHS = "@executable_path/Frameworks";
				"LD_RUNPATH_SEARCH_PATHS[sdk=macosx*]" = "@executable_path/../Frameworks";
				MACOSX_DEPLOYMENT_TARGET = 14.0;
				MARKETING_VERSION = "Development Build";
				"OTHER_CODE_SIGN_FLAGS[sdk=*]" = "--timestamp";
				PETRICHOR_URL_SCHEME = petrichor;
				PRODUCT_BUNDLE_IDENTIFIER = org.Petrichor;
				PRODUCT_NAME = "$(TARGET_NAME)";
				PROVISIONING_PROFILE_SPECIFIER = "";
				REGISTER_APP_GROUPS = YES;
				SDKROOT = auto;
				SUPPORTED_PLATFORMS = macosx;
				SWIFT_EMIT_LOC_STRINGS = YES;
				SWIFT_VERSION = 5.0;
			};
			name = Release;
		};
		55DE00012F90000100000001 /* Dev */ = {
			isa = XCBuildConfiguration;
			buildSettings = {
				ALWAYS_SEARCH_USER_PATHS = NO;
				ASSETCATALOG_COMPILER_GENERATE_SWIFT_ASSET_SYMBOL_EXTENSIONS = YES;
				CLANG_ANALYZER_NONNULL = YES;
				CLANG_ANALYZER_NUMBER_OBJECT_CONVERSION = YES_AGGRESSIVE;
				CLANG_CXX_LANGUAGE_STANDARD = "gnu++20";
				CLANG_ENABLE_MODULES = YES;
				CLANG_ENABLE_OBJC_ARC = YES;
				CLANG_ENABLE_OBJC_WEAK = YES;
				CLANG_WARN_BLOCK_CAPTURE_AUTORELEASING = YES;
				CLANG_WARN_BOOL_CONVERSION = YES;
				CLANG_WARN_COMMA = YES;
				CLANG_WARN_CONSTANT_CONVERSION = YES;
				CLANG_WARN_DEPRECATED_OBJC_IMPLEMENTATIONS = YES;
				CLANG_WARN_DIRECT_OBJC_ISA_USAGE = YES_ERROR;
				CLANG_WARN_DOCUMENTATION_COMMENTS = YES;
				CLANG_WARN_EMPTY_BODY = YES;
				CLANG_WARN_ENUM_CONVERSION = YES;
				CLANG_WARN_INFINITE_RECURSION = YES;
				CLANG_WARN_INT_CONVERSION = YES;
				CLANG_WARN_NON_LITERAL_NULL_CONVERSION = YES;
				CLANG_WARN_OBJC_IMPLICIT_RETAIN_SELF = YES;
				CLANG_WARN_OBJC_LITERAL_CONVERSION = YES;
				CLANG_WARN_OBJC_ROOT_CLASS = YES_ERROR;
				CLANG_WARN_QUOTED_INCLUDE_IN_FRAMEWORK_HEADER = YES;
				CLANG_WARN_RANGE_LOOP_ANALYSIS = YES;
				CLANG_WARN_STRICT_PROTOTYPES = YES;
				CLANG_WARN_SUSPICIOUS_MOVE = YES;
				CLANG_WARN_UNGUARDED_AVAILABILITY = YES_AGGRESSIVE;
				CLANG_WARN_UNREACHABLE_CODE = YES;
				CLANG_WARN__DUPLICATE_METHOD_MATCH = YES;
				COPY_PHASE_STRIP = NO;
				DEAD_CODE_STRIPPING = YES;
				DEBUG_INFORMATION_FORMAT = "dwarf-with-dsym";
				DEVELOPMENT_TEAM = B53W6J5RWK;
				ENABLE_NS_ASSERTIONS = NO;
				ENABLE_STRICT_OBJC_MSGSEND = YES;
				ENABLE_USER_SCRIPT_SANDBOXING = YES;
				GCC_C_LANGUAGE_STANDARD = gnu17;
				GCC_NO_COMMON_BLOCKS = YES;
				GCC_WARN_64_TO_32_BIT_CONVERSION = YES;
				GCC_WARN_ABOUT_RETURN_TYPE = YES_ERROR;
				GCC_WARN_UNDECLARED_SELECTOR = YES;
				GCC_WARN_UNINITIALIZED_AUTOS = YES_AGGRESSIVE;
				GCC_WARN_UNUSED_FUNCTION = YES;
				GCC_WARN_UNUSED_VARIABLE = YES;
				LOCALIZATION_PREFERS_STRING_CATALOGS = YES;
				MTL_ENABLE_DEBUG_INFO = NO;
				MTL_FAST_MATH = YES;
				STRING_CATALOG_GENERATE_SYMBOLS = YES;
				SWIFT_COMPILATION_MODE = wholemodule;
			};
			name = Dev;
		};
		55DE00022F90000100000002 /* Dev */ = {
			isa = XCBuildConfiguration;
			baseConfigurationReferenceAnchor = 55F38A822DF8F2FC0028843B /* Configuration */;
			baseConfigurationReferenceRelativePath = Secrets.xcconfig;
			buildSettings = {
				ASSETCATALOG_COMPILER_APPICON_NAME = AppIconDev;
				ASSETCATALOG_COMPILER_GLOBAL_ACCENT_COLOR_NAME = AccentColor;
				ASSETCATALOG_COMPILER_INCLUDE_ALL_APPICON_ASSETS = YES;
				CODE_SIGN_ENTITLEMENTS = Configuration/Petrichor.entitlements;
				"CODE_SIGN_IDENTITY[sdk=macosx*]" = "Developer ID Application";
				CODE_SIGN_STYLE = Manual;
				CURRENT_PROJECT_VERSION = 161;
				DEAD_CODE_STRIPPING = YES;
				DEVELOPMENT_TEAM = "";
				"DEVELOPMENT_TEAM[sdk=macosx*]" = B53W6J5RWK;
				ENABLE_APP_SANDBOX = YES;
				ENABLE_HARDENED_RUNTIME = YES;
				ENABLE_INCOMING_NETWORK_CONNECTIONS = NO;
				ENABLE_OUTGOING_NETWORK_CONNECTIONS = YES;
				ENABLE_PREVIEWS = YES;
				ENABLE_RESOURCE_ACCESS_AUDIO_INPUT = NO;
				ENABLE_RESOURCE_ACCESS_BLUETOOTH = NO;
				ENABLE_RESOURCE_ACCESS_CALENDARS = NO;
				ENABLE_RESOURCE_ACCESS_CAMERA = NO;
				ENABLE_RESOURCE_ACCESS_CONTACTS = NO;
				ENABLE_RESOURCE_ACCESS_LOCATION = NO;
				ENABLE_RESOURCE_ACCESS_PRINTING = NO;
				ENABLE_RESOURCE_ACCESS_USB = NO;
				ENABLE_USER_SELECTED_FILES = readwrite;
				EXCLUDED_SOURCE_FILE_NAMES = AppIcon.icon;
				GENERATE_INFOPLIST_FILE = NO;
				INFOPLIST_FILE = Configuration/Info.plist;
				INFOPLIST_KEY_CFBundleDisplayName = Petrichor;
				INFOPLIST_KEY_LSApplicationCategoryType = "public.app-category.music";
				LD_RUNPATH_SEARCH_PATHS = "@executable_path/Frameworks";
				"LD_RUNPATH_SEARCH_PATHS[sdk=macosx*]" = "@executable_path/../Frameworks";
				MACOSX_DEPLOYMENT_TARGET = 14.0;
				MARKETING_VERSION = "Development Build";
				"OTHER_CODE_SIGN_FLAGS[sdk=*]" = "--timestamp";
				PETRICHOR_URL_SCHEME = "petrichor-debug";
				PRODUCT_BUNDLE_IDENTIFIER = org.Petrichor.debug;
				PRODUCT_MODULE_NAME = Petrichor;
				PRODUCT_NAME = "Petrichor Dev";
				PROVISIONING_PROFILE_SPECIFIER = "";
				REGISTER_APP_GROUPS = YES;
				SDKROOT = auto;
				SUPPORTED_PLATFORMS = macosx;
				SWIFT_EMIT_LOC_STRINGS = YES;
				SWIFT_VERSION = 5.0;
			};
			name = Dev;
		};

		55A000000000000000000031 /* Debug */ = {
			isa = XCBuildConfiguration;
			buildSettings = {
				ASSETCATALOG_COMPILER_APPICON_NAME = AppIcon;
				ASSETCATALOG_COMPILER_GLOBAL_ACCENT_COLOR_NAME = AccentColor;
				ASSETCATALOG_COMPILER_INCLUDE_ALL_APPICON_ASSETS = YES;
				CODE_SIGN_STYLE = Automatic;
				CURRENT_PROJECT_VERSION = 1;
				DEAD_CODE_STRIPPING = YES;
				DEVELOPMENT_TEAM = DQFRVE6G9U;
				ENABLE_PREVIEWS = YES;
				EXCLUDED_SOURCE_FILE_NAMES = "AppIcon.icon AppIconDev.icon";
				GENERATE_INFOPLIST_FILE = NO;
				INFOPLIST_FILE = Configuration/Info-iOS.plist;
				INFOPLIST_KEY_CFBundleDisplayName = Petrichor;
				INFOPLIST_KEY_LSApplicationCategoryType = "public.app-category.music";
				IPHONEOS_DEPLOYMENT_TARGET = 26.1;
				LD_RUNPATH_SEARCH_PATHS = "@executable_path/Frameworks";
				MARKETING_VERSION = "Development Build";
				PETRICHOR_URL_SCHEME = "petrichor-ios";
				PRODUCT_BUNDLE_IDENTIFIER = org.Petrichor.ios;
				PRODUCT_MODULE_NAME = Petrichor;
				PRODUCT_NAME = Petrichor;
				SDKROOT = auto;
				SUPPORTED_PLATFORMS = "iphoneos iphonesimulator";
				SWIFT_EMIT_LOC_STRINGS = YES;
				SWIFT_VERSION = 5.0;
				TARGETED_DEVICE_FAMILY = 1;
			};
			name = Debug;
		};
		55A000000000000000000032 /* Release */ = {
			isa = XCBuildConfiguration;
			buildSettings = {
				ASSETCATALOG_COMPILER_APPICON_NAME = AppIcon;
				ASSETCATALOG_COMPILER_GLOBAL_ACCENT_COLOR_NAME = AccentColor;
				ASSETCATALOG_COMPILER_INCLUDE_ALL_APPICON_ASSETS = YES;
				CODE_SIGN_STYLE = Automatic;
				CURRENT_PROJECT_VERSION = 1;
				DEAD_CODE_STRIPPING = YES;
				DEVELOPMENT_TEAM = DQFRVE6G9U;
				ENABLE_PREVIEWS = YES;
				EXCLUDED_SOURCE_FILE_NAMES = "AppIcon.icon AppIconDev.icon";
				GENERATE_INFOPLIST_FILE = NO;
				INFOPLIST_FILE = Configuration/Info-iOS.plist;
				INFOPLIST_KEY_CFBundleDisplayName = Petrichor;
				INFOPLIST_KEY_LSApplicationCategoryType = "public.app-category.music";
				IPHONEOS_DEPLOYMENT_TARGET = 26.1;
				LD_RUNPATH_SEARCH_PATHS = "@executable_path/Frameworks";
				MARKETING_VERSION = "Development Build";
				PETRICHOR_URL_SCHEME = "petrichor-ios";
				PRODUCT_BUNDLE_IDENTIFIER = org.Petrichor.ios;
				PRODUCT_MODULE_NAME = Petrichor;
				PRODUCT_NAME = Petrichor;
				SDKROOT = auto;
				SUPPORTED_PLATFORMS = "iphoneos iphonesimulator";
				SWIFT_EMIT_LOC_STRINGS = YES;
				SWIFT_VERSION = 5.0;
				TARGETED_DEVICE_FAMILY = 1;
			};
			name = Release;
		};
		55A000000000000000000033 /* Dev */ = {
			isa = XCBuildConfiguration;
			buildSettings = {
				ASSETCATALOG_COMPILER_APPICON_NAME = AppIcon;
				ASSETCATALOG_COMPILER_GLOBAL_ACCENT_COLOR_NAME = AccentColor;
				ASSETCATALOG_COMPILER_INCLUDE_ALL_APPICON_ASSETS = YES;
				CODE_SIGN_STYLE = Automatic;
				CURRENT_PROJECT_VERSION = 1;
				DEAD_CODE_STRIPPING = YES;
				DEVELOPMENT_TEAM = DQFRVE6G9U;
				ENABLE_PREVIEWS = YES;
				EXCLUDED_SOURCE_FILE_NAMES = "AppIcon.icon AppIconDev.icon";
				GENERATE_INFOPLIST_FILE = NO;
				INFOPLIST_FILE = Configuration/Info-iOS.plist;
				INFOPLIST_KEY_CFBundleDisplayName = Petrichor;
				INFOPLIST_KEY_LSApplicationCategoryType = "public.app-category.music";
				IPHONEOS_DEPLOYMENT_TARGET = 26.1;
				LD_RUNPATH_SEARCH_PATHS = "@executable_path/Frameworks";
				MARKETING_VERSION = "Development Build";
				PETRICHOR_URL_SCHEME = "petrichor-ios";
				PRODUCT_BUNDLE_IDENTIFIER = org.Petrichor.ios;
				PRODUCT_MODULE_NAME = Petrichor;
				PRODUCT_NAME = Petrichor;
				SDKROOT = auto;
				SUPPORTED_PLATFORMS = "iphoneos iphonesimulator";
				SWIFT_EMIT_LOC_STRINGS = YES;
				SWIFT_VERSION = 5.0;
				TARGETED_DEVICE_FAMILY = 1;
			};
			name = Dev;
		};

		55A000000000000000000048 /* Debug */ = {
			isa = XCBuildConfiguration;
			buildSettings = {
				BUNDLE_LOADER = "$(TEST_HOST)";
				CODE_SIGN_STYLE = Automatic;
				CURRENT_PROJECT_VERSION = 1;
				DEAD_CODE_STRIPPING = YES;
				DEVELOPMENT_TEAM = DQFRVE6G9U;
				GENERATE_INFOPLIST_FILE = YES;
				IPHONEOS_DEPLOYMENT_TARGET = 26.1;
				MARKETING_VERSION = "Development Build";
				PRODUCT_BUNDLE_IDENTIFIER = org.Petrichor.ios.tests;
				PRODUCT_NAME = "$(TARGET_NAME)";
				SDKROOT = auto;
				SUPPORTED_PLATFORMS = "iphoneos iphonesimulator";
				SWIFT_EMIT_LOC_STRINGS = NO;
				SWIFT_VERSION = 5.0;
				TARGETED_DEVICE_FAMILY = 1;
				TEST_HOST = "$(BUILT_PRODUCTS_DIR)/Petrichor.app/Petrichor";
			};
			name = Debug;
		};
		55A000000000000000000049 /* Release */ = {
			isa = XCBuildConfiguration;
			buildSettings = {
				BUNDLE_LOADER = "$(TEST_HOST)";
				CODE_SIGN_STYLE = Automatic;
				CURRENT_PROJECT_VERSION = 1;
				DEAD_CODE_STRIPPING = YES;
				DEVELOPMENT_TEAM = DQFRVE6G9U;
				GENERATE_INFOPLIST_FILE = YES;
				IPHONEOS_DEPLOYMENT_TARGET = 26.1;
				MARKETING_VERSION = "Development Build";
				PRODUCT_BUNDLE_IDENTIFIER = org.Petrichor.ios.tests;
				PRODUCT_NAME = "$(TARGET_NAME)";
				SDKROOT = auto;
				SUPPORTED_PLATFORMS = "iphoneos iphonesimulator";
				SWIFT_EMIT_LOC_STRINGS = NO;
				SWIFT_VERSION = 5.0;
				TARGETED_DEVICE_FAMILY = 1;
				TEST_HOST = "$(BUILT_PRODUCTS_DIR)/Petrichor.app/Petrichor";
			};
			name = Release;
		};
		55A000000000000000000050 /* Dev */ = {
			isa = XCBuildConfiguration;
			buildSettings = {
				BUNDLE_LOADER = "$(TEST_HOST)";
				CODE_SIGN_STYLE = Automatic;
				CURRENT_PROJECT_VERSION = 1;
				DEAD_CODE_STRIPPING = YES;
				DEVELOPMENT_TEAM = DQFRVE6G9U;
				GENERATE_INFOPLIST_FILE = YES;
				IPHONEOS_DEPLOYMENT_TARGET = 26.1;
				MARKETING_VERSION = "Development Build";
				PRODUCT_BUNDLE_IDENTIFIER = org.Petrichor.ios.tests;
				PRODUCT_NAME = "$(TARGET_NAME)";
				SDKROOT = auto;
				SUPPORTED_PLATFORMS = "iphoneos iphonesimulator";
				SWIFT_EMIT_LOC_STRINGS = NO;
				SWIFT_VERSION = 5.0;
				TARGETED_DEVICE_FAMILY = 1;
				TEST_HOST = "$(BUILT_PRODUCTS_DIR)/Petrichor.app/Petrichor";
			};
			name = Dev;
		};
		55A000000000000000000068 /* Debug */ = {
			isa = XCBuildConfiguration;
			buildSettings = {
				CODE_SIGN_STYLE = Automatic;
				CURRENT_PROJECT_VERSION = 1;
				DEAD_CODE_STRIPPING = YES;
				DEVELOPMENT_TEAM = DQFRVE6G9U;
				GENERATE_INFOPLIST_FILE = YES;
				IPHONEOS_DEPLOYMENT_TARGET = 26.1;
				MARKETING_VERSION = "Development Build";
				PRODUCT_BUNDLE_IDENTIFIER = org.Petrichor.ios.uitests;
				PRODUCT_NAME = "$(TARGET_NAME)";
				SDKROOT = auto;
				SUPPORTED_PLATFORMS = "iphoneos iphonesimulator";
				SWIFT_EMIT_LOC_STRINGS = NO;
				SWIFT_VERSION = 5.0;
				TARGETED_DEVICE_FAMILY = 1;
				TEST_TARGET_NAME = PetrichoriOS;
			};
			name = Debug;
		};
		55A000000000000000000069 /* Release */ = {
			isa = XCBuildConfiguration;
			buildSettings = {
				CODE_SIGN_STYLE = Automatic;
				CURRENT_PROJECT_VERSION = 1;
				DEAD_CODE_STRIPPING = YES;
				DEVELOPMENT_TEAM = DQFRVE6G9U;
				GENERATE_INFOPLIST_FILE = YES;
				IPHONEOS_DEPLOYMENT_TARGET = 26.1;
				MARKETING_VERSION = "Development Build";
				PRODUCT_BUNDLE_IDENTIFIER = org.Petrichor.ios.uitests;
				PRODUCT_NAME = "$(TARGET_NAME)";
				SDKROOT = auto;
				SUPPORTED_PLATFORMS = "iphoneos iphonesimulator";
				SWIFT_EMIT_LOC_STRINGS = NO;
				SWIFT_VERSION = 5.0;
				TARGETED_DEVICE_FAMILY = 1;
				TEST_TARGET_NAME = PetrichoriOS;
			};
			name = Release;
		};
		55A00000000000000000006A /* Dev */ = {
			isa = XCBuildConfiguration;
			buildSettings = {
				CODE_SIGN_STYLE = Automatic;
				CURRENT_PROJECT_VERSION = 1;
				DEAD_CODE_STRIPPING = YES;
				DEVELOPMENT_TEAM = DQFRVE6G9U;
				GENERATE_INFOPLIST_FILE = YES;
				IPHONEOS_DEPLOYMENT_TARGET = 26.1;
				MARKETING_VERSION = "Development Build";
				PRODUCT_BUNDLE_IDENTIFIER = org.Petrichor.ios.uitests;
				PRODUCT_NAME = "$(TARGET_NAME)";
				SDKROOT = auto;
				SUPPORTED_PLATFORMS = "iphoneos iphonesimulator";
				SWIFT_EMIT_LOC_STRINGS = NO;
				SWIFT_VERSION = 5.0;
				TARGETED_DEVICE_FAMILY = 1;
				TEST_TARGET_NAME = PetrichoriOS;
			};
			name = Dev;
		};
/* End XCBuildConfiguration section */

/* Begin XCConfigurationList section */
		550F4A092DB45B1A005F794E /* Build configuration list for PBXProject "Petrichor" */ = {
			isa = XCConfigurationList;
			buildConfigurations = (
				550F4A182DB45B1B005F794E /* Debug */,
				550F4A192DB45B1B005F794E /* Release */,
				55DE00012F90000100000001 /* Dev */,
			);
			defaultConfigurationIsVisible = 0;
			defaultConfigurationName = Release;
		};
		550F4A1A2DB45B1B005F794E /* Build configuration list for PBXNativeTarget "Petrichor" */ = {
			isa = XCConfigurationList;
			buildConfigurations = (
				550F4A1B2DB45B1B005F794E /* Debug */,
				550F4A1C2DB45B1B005F794E /* Release */,
				55DE00022F90000100000002 /* Dev */,
			);
			defaultConfigurationIsVisible = 0;
			defaultConfigurationName = Release;
		};

		55A000000000000000000030 /* Build configuration list for PBXNativeTarget "PetrichoriOS" */ = {
			isa = XCConfigurationList;
			buildConfigurations = (
				55A000000000000000000031 /* Debug */,
				55A000000000000000000032 /* Release */,
				55A000000000000000000033 /* Dev */,
			);
			defaultConfigurationIsVisible = 0;
			defaultConfigurationName = Release;
		};

		55A000000000000000000047 /* Build configuration list for PBXNativeTarget "PetrichoriOSTests" */ = {
			isa = XCConfigurationList;
			buildConfigurations = (
				55A000000000000000000048 /* Debug */,
				55A000000000000000000049 /* Release */,
				55A000000000000000000050 /* Dev */,
			);
			defaultConfigurationIsVisible = 0;
			defaultConfigurationName = Release;
		};
		55A00000000000000000006B /* Build configuration list for PBXNativeTarget "PetrichoriOSUITests" */ = {
			isa = XCConfigurationList;
			buildConfigurations = (
				55A000000000000000000068 /* Debug */,
				55A000000000000000000069 /* Release */,
				55A00000000000000000006A /* Dev */,
			);
			defaultConfigurationIsVisible = 0;
			defaultConfigurationName = Release;
		};
/* End XCConfigurationList section */

/* Begin XCRemoteSwiftPackageReference section */
		552CE3E32FE3263900A5C93D /* XCRemoteSwiftPackageReference "CrescendoKit" */ = {
			isa = XCRemoteSwiftPackageReference;
			repositoryURL = "https://github.com/kushalpandya/CrescendoKit";
			requirement = {
				kind = upToNextMajorVersion;
				minimumVersion = 1.1.1;
			};
		};
		55B0DEBF2DE3A58400A41ED9 /* XCRemoteSwiftPackageReference "GRDB" */ = {
			isa = XCRemoteSwiftPackageReference;
			repositoryURL = "https://github.com/groue/GRDB.swift";
			requirement = {
				kind = upToNextMajorVersion;
				minimumVersion = 7.5.0;
			};
		};
		55D673CD2E42CEA50095A358 /* XCRemoteSwiftPackageReference "Sparkle" */ = {
			isa = XCRemoteSwiftPackageReference;
			repositoryURL = "https://github.com/sparkle-project/Sparkle";
			requirement = {
				kind = upToNextMajorVersion;
				minimumVersion = 2.7.1;
			};
		};
/* End XCRemoteSwiftPackageReference section */

/* Begin XCSwiftPackageProductDependency section */
		552CE3E42FE3263900A5C93D /* Crescendo */ = {
			isa = XCSwiftPackageProductDependency;
			package = 552CE3E32FE3263900A5C93D /* XCRemoteSwiftPackageReference "CrescendoKit" */;
			productName = Crescendo;
		};
		55B0DEC02DE3A58400A41ED9 /* GRDB */ = {
			isa = XCSwiftPackageProductDependency;
			package = 55B0DEBF2DE3A58400A41ED9 /* XCRemoteSwiftPackageReference "GRDB" */;
			productName = GRDB;
		};
		55D673CE2E42CEA50095A358 /* Sparkle */ = {
			isa = XCSwiftPackageProductDependency;
			package = 55D673CD2E42CEA50095A358 /* XCRemoteSwiftPackageReference "Sparkle" */;
			productName = Sparkle;
		};
/* End XCSwiftPackageProductDependency section */
	};
	rootObject = 550F4A062DB45B1A005F794E /* Project object */;
}
