{
  "originHash" : "1b23217648a21157bbdf207d1a0a369f913c81f912bca6a021d916875e5f12c6",
  "pins" : [
    {
      "identity" : "crescendokit",
      "kind" : "remoteSourceControl",
      "location" : "https://github.com/kushalpandya/CrescendoKit",
      "state" : {
        "revision" : "c796584893e3172c42dce5d81821033c9ae93db2",
        "version" : "1.2.3"
      }
    },
    {
      "identity" : "grdb.swift",
      "kind" : "remoteSourceControl",
      "location" : "https://github.com/groue/GRDB.swift",
      "state" : {
        "revision" : "b83108d10f42680d78f23fe4d4d80fc88dab3212",
        "version" : "7.11.1"
      }
    },
    {
      "identity" : "sparkle",
      "kind" : "remoteSourceControl",
      "location" : "https://github.com/sparkle-project/Sparkle",
      "state" : {
        "revision" : "ac2def288cbff5cfc7df3ffef6abdf45b72bcb0a",
        "version" : "2.9.6"
      }
    }
  ],
  "version" : 3
}
